
Microsoft Visual Studio Solution File, Format Version 12.00
# Visual Studio 15
VisualStudioVersion = 15.0.28307.1022
MinimumVisualStudioVersion = 10.0.40219.1
Project("{8BC9CEB8-8B4A-11D0-8D11-00A0C91BC942}") = "lab_methods", "lab_methods\lab_methods.vcxproj", "{82F95C9A-3A31-4CF3-A2D6-C84A76EE4549}"
EndProject
Project("{8BC9CEB8-8B4A-11D0-8D11-00A0C91BC942}") = "lab_methods1", "lab_methods1\lab_methods1.vcxproj", "{35605B73-7D2A-4579-AA0D-A1489C525D44}"
EndProject
Project("{8BC9CEB8-8B4A-11D0-8D11-00A0C91BC942}") = "lab_mathods2", "lab_mathods2\lab_mathods2.vcxproj", "{82F2201F-98EE-4679-9DA2-72392B45707B}"
EndProject
Global
	GlobalSection(SolutionConfigurationPlatforms) = preSolution
		Debug|x64 = Debug|x64
		Debug|x86 = Debug|x86
		Release|x64 = Release|x64
		Release|x86 = Release|x86
	EndGlobalSection
	GlobalSection(ProjectConfigurationPlatforms) = postSolution
		{82F95C9A-3A31-4CF3-A2D6-C84A76EE4549}.Debug|x64.ActiveCfg = Debug|x64
		{82F95C9A-3A31-4CF3-A2D6-C84A76EE4549}.Debug|x64.Build.0 = Debug|x64
		{82F95C9A-3A31-4CF3-A2D6-C84A76EE4549}.Debug|x86.ActiveCfg = Debug|Win32
		{82F95C9A-3A31-4CF3-A2D6-C84A76EE4549}.Debug|x86.Build.0 = Debug|Win32
		{82F95C9A-3A31-4CF3-A2D6-C84A76EE4549}.Release|x64.ActiveCfg = Release|x64
		{82F95C9A-3A31-4CF3-A2D6-C84A76EE4549}.Release|x64.Build.0 = Release|x64
		{82F95C9A-3A31-4CF3-A2D6-C84A76EE4549}.Release|x86.ActiveCfg = Release|Win32
		{82F95C9A-3A31-4CF3-A2D6-C84A76EE4549}.Release|x86.Build.0 = Release|Win32
		{35605B73-7D2A-4579-AA0D-A1489C525D44}.Debug|x64.ActiveCfg = Debug|x64
		{35605B73-7D2A-4579-AA0D-A1489C525D44}.Debug|x64.Build.0 = Debug|x64
		{35605B73-7D2A-4579-AA0D-A1489C525D44}.Debug|x86.ActiveCfg = Debug|Win32
		{35605B73-7D2A-4579-AA0D-A1489C525D44}.Debug|x86.Build.0 = Debug|Win32
		{35605B73-7D2A-4579-AA0D-A1489C525D44}.Release|x64.ActiveCfg = Release|x64
		{35605B73-7D2A-4579-AA0D-A1489C525D44}.Release|x64.Build.0 = Release|x64
		{35605B73-7D2A-4579-AA0D-A1489C525D44}.Release|x86.ActiveCfg = Release|Win32
		{35605B73-7D2A-4579-AA0D-A1489C525D44}.Release|x86.Build.0 = Release|Win32
		{82F2201F-98EE-4679-9DA2-72392B45707B}.Debug|x64.ActiveCfg = Debug|x64
		{82F2201F-98EE-4679-9DA2-72392B45707B}.Debug|x64.Build.0 = Debug|x64
		{82F2201F-98EE-4679-9DA2-72392B45707B}.Debug|x86.ActiveCfg = Debug|Win32
		{82F2201F-98EE-4679-9DA2-72392B45707B}.Debug|x86.Build.0 = Debug|Win32
		{82F2201F-98EE-4679-9DA2-72392B45707B}.Release|x64.ActiveCfg = Release|x64
		{82F2201F-98EE-4679-9DA2-72392B45707B}.Release|x64.Build.0 = Release|x64
		{82F2201F-98EE-4679-9DA2-72392B45707B}.Release|x86.ActiveCfg = Release|Win32
		{82F2201F-98EE-4679-9DA2-72392B45707B}.Release|x86.Build.0 = Release|Win32
	EndGlobalSection
	GlobalSection(SolutionProperties) = preSolution
		HideSolutionNode = FALSE
	EndGlobalSection
	GlobalSection(ExtensibilityGlobals) = postSolution
		SolutionGuid = {73A1FE86-1FF4-4444-8177-DBD3C9B6C660}
	EndGlobalSection
EndGlobal
